
Microsoft Visual Studio Solution File, Format Version 12.00
# Visual Studio Version 16
VisualStudioVersion = 16.0.30907.101
MinimumVisualStudioVersion = 10.0.40219.1
Project("{FAE04EC0-301F-11D3-BF4B-00C04F79EFBC}") = "Lesson_1", "Lesson_1\Lesson_1.csproj", "{3F1D77FD-33CC-4113-A4BF-AA21D6477EF1}"
EndProject
Project("{FAE04EC0-301F-11D3-BF4B-00C04F79EFBC}") = "Task1", "Task1\Task1.csproj", "{391035B5-B1E4-41E5-B79F-14F60454D768}"
EndProject
Project("{FAE04EC0-301F-11D3-BF4B-00C04F79EFBC}") = "Task2", "Task2\Task2.csproj", "{A1949028-ABCD-4614-9386-1EFFBEA9E7E9}"
EndProject
Project("{FAE04EC0-301F-11D3-BF4B-00C04F79EFBC}") = "Task3", "Task3\Task3.csproj", "{5FAA0843-B94D-40C2-85AE-5EBF16868061}"
EndProject
Project("{FAE04EC0-301F-11D3-BF4B-00C04F79EFBC}") = "Task4", "Task4\Task4.csproj", "{4EB09E0E-EE4D-42A5-A9F1-ADE304C6C643}"
EndProject
Project("{FAE04EC0-301F-11D3-BF4B-00C04F79EFBC}") = "Task5", "Task5\Task5.csproj", "{91B7E0FF-D78F-43ED-8D1C-1779A1F0D0CE}"
EndProject
Project("{FAE04EC0-301F-11D3-BF4B-00C04F79EFBC}") = "Task6", "Task6\Task6.csproj", "{47E720AF-28F0-454D-9439-647CD0DB91FB}"
EndProject
Project("{FAE04EC0-301F-11D3-BF4B-00C04F79EFBC}") = "Task7", "Task7\Task7.csproj", "{C7666F29-04B5-45E4-9859-2781DB874D97}"
EndProject
Global
	GlobalSection(SolutionConfigurationPlatforms) = preSolution
		Debug|Any CPU = Debug|Any CPU
		Release|Any CPU = Release|Any CPU
	EndGlobalSection
	GlobalSection(ProjectConfigurationPlatforms) = postSolution
		{3F1D77FD-33CC-4113-A4BF-AA21D6477EF1}.Debug|Any CPU.ActiveCfg = Debug|Any CPU
		{3F1D77FD-33CC-4113-A4BF-AA21D6477EF1}.Debug|Any CPU.Build.0 = Debug|Any CPU
		{3F1D77FD-33CC-4113-A4BF-AA21D6477EF1}.Release|Any CPU.ActiveCfg = Release|Any CPU
		{3F1D77FD-33CC-4113-A4BF-AA21D6477EF1}.Release|Any CPU.Build.0 = Release|Any CPU
		{391035B5-B1E4-41E5-B79F-14F60454D768}.Debug|Any CPU.ActiveCfg = Debug|Any CPU
		{391035B5-B1E4-41E5-B79F-14F60454D768}.Debug|Any CPU.Build.0 = Debug|Any CPU
		{391035B5-B1E4-41E5-B79F-14F60454D768}.Release|Any CPU.ActiveCfg = Release|Any CPU
		{391035B5-B1E4-41E5-B79F-14F60454D768}.Release|Any CPU.Build.0 = Release|Any CPU
		{A1949028-ABCD-4614-9386-1EFFBEA9E7E9}.Debug|Any CPU.ActiveCfg = Debug|Any CPU
		{A1949028-ABCD-4614-9386-1EFFBEA9E7E9}.Debug|Any CPU.Build.0 = Debug|Any CPU
		{A1949028-ABCD-4614-9386-1EFFBEA9E7E9}.Release|Any CPU.ActiveCfg = Release|Any CPU
		{A1949028-ABCD-4614-9386-1EFFBEA9E7E9}.Release|Any CPU.Build.0 = Release|Any CPU
		{5FAA0843-B94D-40C2-85AE-5EBF16868061}.Debug|Any CPU.ActiveCfg = Debug|Any CPU
		{5FAA0843-B94D-40C2-85AE-5EBF16868061}.Debug|Any CPU.Build.0 = Debug|Any CPU
		{5FAA0843-B94D-40C2-85AE-5EBF16868061}.Release|Any CPU.ActiveCfg = Release|Any CPU
		{5FAA0843-B94D-40C2-85AE-5EBF16868061}.Release|Any CPU.Build.0 = Release|Any CPU
		{4EB09E0E-EE4D-42A5-A9F1-ADE304C6C643}.Debug|Any CPU.ActiveCfg = Debug|Any CPU
		{4EB09E0E-EE4D-42A5-A9F1-ADE304C6C643}.Debug|Any CPU.Build.0 = Debug|Any CPU
		{4EB09E0E-EE4D-42A5-A9F1-ADE304C6C643}.Release|Any CPU.ActiveCfg = Release|Any CPU
		{4EB09E0E-EE4D-42A5-A9F1-ADE304C6C643}.Release|Any CPU.Build.0 = Release|Any CPU
		{91B7E0FF-D78F-43ED-8D1C-1779A1F0D0CE}.Debug|Any CPU.ActiveCfg = Debug|Any CPU
		{91B7E0FF-D78F-43ED-8D1C-1779A1F0D0CE}.Debug|Any CPU.Build.0 = Debug|Any CPU
		{91B7E0FF-D78F-43ED-8D1C-1779A1F0D0CE}.Release|Any CPU.ActiveCfg = Release|Any CPU
		{91B7E0FF-D78F-43ED-8D1C-1779A1F0D0CE}.Release|Any CPU.Build.0 = Release|Any CPU
		{47E720AF-28F0-454D-9439-647CD0DB91FB}.Debug|Any CPU.ActiveCfg = Debug|Any CPU
		{47E720AF-28F0-454D-9439-647CD0DB91FB}.Debug|Any CPU.Build.0 = Debug|Any CPU
		{47E720AF-28F0-454D-9439-647CD0DB91FB}.Release|Any CPU.ActiveCfg = Release|Any CPU
		{47E720AF-28F0-454D-9439-647CD0DB91FB}.Release|Any CPU.Build.0 = Release|Any CPU
		{C7666F29-04B5-45E4-9859-2781DB874D97}.Debug|Any CPU.ActiveCfg = Debug|Any CPU
		{C7666F29-04B5-45E4-9859-2781DB874D97}.Debug|Any CPU.Build.0 = Debug|Any CPU
		{C7666F29-04B5-45E4-9859-2781DB874D97}.Release|Any CPU.ActiveCfg = Release|Any CPU
		{C7666F29-04B5-45E4-9859-2781DB874D97}.Release|Any CPU.Build.0 = Release|Any CPU
	EndGlobalSection
	GlobalSection(SolutionProperties) = preSolution
		HideSolutionNode = FALSE
	EndGlobalSection
	GlobalSection(ExtensibilityGlobals) = postSolution
		SolutionGuid = {688C413C-8C27-4D03-936F-5A4A67B623AF}
	EndGlobalSection
EndGlobal
